
Microsoft Visual Studio Solution File, Format Version 12.00
# Visual Studio Version 17
VisualStudioVersion = 17.6.33712.159
MinimumVisualStudioVersion = 10.0.40219.1
Project("{FAE04EC0-301F-11D3-BF4B-00C04F79EFBC}") = "VidzyExercise", "VidzyExercise\VidzyExercise.csproj", "{F67A536D-8E44-4EB3-8626-992B7BE922F2}"
EndProject
Global
	GlobalSection(SolutionConfigurationPlatforms) = preSolution
		Debug|Any CPU = Debug|Any CPU
		Release|Any CPU = Release|Any CPU
	EndGlobalSection
	GlobalSection(ProjectConfigurationPlatforms) = postSolution
		{F67A536D-8E44-4EB3-8626-992B7BE922F2}.Debug|Any CPU.ActiveCfg = Debug|Any CPU
		{F67A536D-8E44-4EB3-8626-992B7BE922F2}.Debug|Any CPU.Build.0 = Debug|Any CPU
		{F67A536D-8E44-4EB3-8626-992B7BE922F2}.Release|Any CPU.ActiveCfg = Release|Any CPU
		{F67A536D-8E44-4EB3-8626-992B7BE922F2}.Release|Any CPU.Build.0 = Release|Any CPU
	EndGlobalSection
	GlobalSection(SolutionProperties) = preSolution
		HideSolutionNode = FALSE
	EndGlobalSection
	GlobalSection(ExtensibilityGlobals) = postSolution
		SolutionGuid = {5A78EA3C-1203-45AA-A669-735F6F57C046}
	EndGlobalSection
EndGlobal
