
Microsoft Visual Studio Solution File, Format Version 12.00
# Visual Studio Version 17
VisualStudioVersion = 17.6.33712.159
MinimumVisualStudioVersion = 10.0.40219.1
Project("{FAE04EC0-301F-11D3-BF4B-00C04F79EFBC}") = "DbFirst", "DbFirst\DbFirst.csproj", "{F69FF4D9-BA78-4BFC-8F83-491F0697BB4B}"
EndProject
Global
	GlobalSection(SolutionConfigurationPlatforms) = preSolution
		Debug|Any CPU = Debug|Any CPU
		Release|Any CPU = Release|Any CPU
	EndGlobalSection
	GlobalSection(ProjectConfigurationPlatforms) = postSolution
		{F69FF4D9-BA78-4BFC-8F83-491F0697BB4B}.Debug|Any CPU.ActiveCfg = Debug|Any CPU
		{F69FF4D9-BA78-4BFC-8F83-491F0697BB4B}.Debug|Any CPU.Build.0 = Debug|Any CPU
		{F69FF4D9-BA78-4BFC-8F83-491F0697BB4B}.Release|Any CPU.ActiveCfg = Release|Any CPU
		{F69FF4D9-BA78-4BFC-8F83-491F0697BB4B}.Release|Any CPU.Build.0 = Release|Any CPU
	EndGlobalSection
	GlobalSection(SolutionProperties) = preSolution
		HideSolutionNode = FALSE
	EndGlobalSection
	GlobalSection(ExtensibilityGlobals) = postSolution
		SolutionGuid = {82A153F4-E1AB-453E-BFB1-9098D732CC5A}
	EndGlobalSection
EndGlobal
