
Microsoft Visual Studio Solution File, Format Version 12.00
# Visual Studio Version 17
VisualStudioVersion = 17.6.33712.159
MinimumVisualStudioVersion = 10.0.40219.1
<<<<<<< HEAD
Project("{FAE04EC0-301F-11D3-BF4B-00C04F79EFBC}") = "LINQ Practice", "LINQ Practice\LINQ Practice.csproj", "{3C8F7403-C04D-462C-BBF8-619576D1207B}"
=======
Project("{FAE04EC0-301F-11D3-BF4B-00C04F79EFBC}") = "LINQ Practice", "LINQ Practice\LINQ Practice.csproj", "{2D837CD0-488E-4D77-A863-760F87D58A48}"
>>>>>>> 450b91103dda0d02b51de2452afb7e0f49ff6866
EndProject
Global
	GlobalSection(SolutionConfigurationPlatforms) = preSolution
		Debug|Any CPU = Debug|Any CPU
		Release|Any CPU = Release|Any CPU
	EndGlobalSection
	GlobalSection(ProjectConfigurationPlatforms) = postSolution
<<<<<<< HEAD
		{3C8F7403-C04D-462C-BBF8-619576D1207B}.Debug|Any CPU.ActiveCfg = Debug|Any CPU
		{3C8F7403-C04D-462C-BBF8-619576D1207B}.Debug|Any CPU.Build.0 = Debug|Any CPU
		{3C8F7403-C04D-462C-BBF8-619576D1207B}.Release|Any CPU.ActiveCfg = Release|Any CPU
		{3C8F7403-C04D-462C-BBF8-619576D1207B}.Release|Any CPU.Build.0 = Release|Any CPU
=======
		{2D837CD0-488E-4D77-A863-760F87D58A48}.Debug|Any CPU.ActiveCfg = Debug|Any CPU
		{2D837CD0-488E-4D77-A863-760F87D58A48}.Debug|Any CPU.Build.0 = Debug|Any CPU
		{2D837CD0-488E-4D77-A863-760F87D58A48}.Release|Any CPU.ActiveCfg = Release|Any CPU
		{2D837CD0-488E-4D77-A863-760F87D58A48}.Release|Any CPU.Build.0 = Release|Any CPU
>>>>>>> 450b91103dda0d02b51de2452afb7e0f49ff6866
	EndGlobalSection
	GlobalSection(SolutionProperties) = preSolution
		HideSolutionNode = FALSE
	EndGlobalSection
	GlobalSection(ExtensibilityGlobals) = postSolution
<<<<<<< HEAD
		SolutionGuid = {E0E7D2C6-E85D-4401-AEC6-36C9DB4EDE4F}
=======
		SolutionGuid = {E4F9C0EE-0361-4D81-B715-7FFF97F67E65}
>>>>>>> 450b91103dda0d02b51de2452afb7e0f49ff6866
	EndGlobalSection
EndGlobal
